{
  "name": "fastify-amqp",
  "version": "1.0.0",
  "lockfileVersion": 1,
  "requires": true,
  "dependencies": {
    "fastify-plugin": {
      "version": "1.6.0",
      "resolved": "https://registry.npmjs.org/fastify-plugin/-/fastify-plugin-1.6.0.tgz",
      "integrity": "sha512-lFa9txg8LZx4tljj33oG53nUXhVg0baZxtP9Pxi0dJmI0NQxzkDk5DS9kr3D7iMalUAp3mvIq16OQumc7eIvLA==",
      "requires": {
        "semver": "^6.0.0"
      }
    },
    "semver": {
      "version": "6.1.1",
      "resolved": "https://registry.npmjs.org/semver/-/semver-6.1.1.tgz",
      "integrity": "sha512-rWYq2e5iYW+fFe/oPPtYJxYgjBm8sC4rmoGdUOgBB7VnwKt6HrL793l2voH1UlsyYZpJ4g0wfjnTEO1s1NP2eQ=="
    }
  }
}
